
Microsoft Visual Studio Solution File, Format Version 12.00
# Visual Studio Version 16
VisualStudioVersion = 16.0.31613.86
MinimumVisualStudioVersion = 10.0.40219.1
Project("{9A19103F-16F7-4668-BE54-9A1E7A4F7556}") = "FunctionalLib", "FunctionalLib\FunctionalLib.csproj", "{A22862CF-2059-4023-9484-A5FA99F2353A}"
EndProject
Project("{9A19103F-16F7-4668-BE54-9A1E7A4F7556}") = "FuncLibConsoleTestApp", "FuncLibConsoleTestApp\FuncLibConsoleTestApp.csproj", "{2B1280AD-9225-46BE-96A9-FB0D25891594}"
EndProject
Project("{FAE04EC0-301F-11D3-BF4B-00C04F79EFBC}") = "FunctionalLibTests", "FunctionalLibTests\FunctionalLibTests.csproj", "{3ADA61F9-8AEA-4C03-ABB9-8309EC583F8F}"
EndProject
Global
	GlobalSection(SolutionConfigurationPlatforms) = preSolution
		Debug|Any CPU = Debug|Any CPU
		Release|Any CPU = Release|Any CPU
	EndGlobalSection
	GlobalSection(ProjectConfigurationPlatforms) = postSolution
		{A22862CF-2059-4023-9484-A5FA99F2353A}.Debug|Any CPU.ActiveCfg = Debug|Any CPU
		{A22862CF-2059-4023-9484-A5FA99F2353A}.Debug|Any CPU.Build.0 = Debug|Any CPU
		{A22862CF-2059-4023-9484-A5FA99F2353A}.Release|Any CPU.ActiveCfg = Release|Any CPU
		{A22862CF-2059-4023-9484-A5FA99F2353A}.Release|Any CPU.Build.0 = Release|Any CPU
		{2B1280AD-9225-46BE-96A9-FB0D25891594}.Debug|Any CPU.ActiveCfg = Debug|Any CPU
		{2B1280AD-9225-46BE-96A9-FB0D25891594}.Debug|Any CPU.Build.0 = Debug|Any CPU
		{2B1280AD-9225-46BE-96A9-FB0D25891594}.Release|Any CPU.ActiveCfg = Release|Any CPU
		{2B1280AD-9225-46BE-96A9-FB0D25891594}.Release|Any CPU.Build.0 = Release|Any CPU
		{3ADA61F9-8AEA-4C03-ABB9-8309EC583F8F}.Debug|Any CPU.ActiveCfg = Debug|Any CPU
		{3ADA61F9-8AEA-4C03-ABB9-8309EC583F8F}.Debug|Any CPU.Build.0 = Debug|Any CPU
		{3ADA61F9-8AEA-4C03-ABB9-8309EC583F8F}.Release|Any CPU.ActiveCfg = Release|Any CPU
		{3ADA61F9-8AEA-4C03-ABB9-8309EC583F8F}.Release|Any CPU.Build.0 = Release|Any CPU
	EndGlobalSection
	GlobalSection(SolutionProperties) = preSolution
		HideSolutionNode = FALSE
	EndGlobalSection
	GlobalSection(ExtensibilityGlobals) = postSolution
		SolutionGuid = {273E620E-0B83-4B00-BB0C-CE74462BEAD9}
	EndGlobalSection
EndGlobal
